
Microsoft Visual Studio Solution File, Format Version 12.00
# Visual Studio 15
VisualStudioVersion = 15.0.28307.539
MinimumVisualStudioVersion = 10.0.40219.1
Project("{FAE04EC0-301F-11D3-BF4B-00C04F79EFBC}") = "Common", "Common\Common.csproj", "{E42D9200-588A-4B45-8F45-03759D2558B8}"
EndProject
Project("{9A19103F-16F7-4668-BE54-9A1E7A4F7556}") = "ServerCore", "ServerCore\ServerCore.csproj", "{115526A8-7E02-4C6F-BFE9-5CBA81537804}"
EndProject
Project("{FAE04EC0-301F-11D3-BF4B-00C04F79EFBC}") = "UI", "UI\UI.csproj", "{5778C484-CC04-4193-9D42-88AA1066E789}"
EndProject
Project("{FAE04EC0-301F-11D3-BF4B-00C04F79EFBC}") = "Simulatorr", "Simulatorr\Simulatorr.csproj", "{C45DD8F5-51AF-4258-9F8F-D9067EDEC4A3}"
EndProject
Project("{FAE04EC0-301F-11D3-BF4B-00C04F79EFBC}") = "AirportService", "AirportService\AirportService.csproj", "{07D60E93-DD55-44A3-9DC8-AB1B33CA248D}"
EndProject
Global
	GlobalSection(SolutionConfigurationPlatforms) = preSolution
		Debug|Any CPU = Debug|Any CPU
		Debug|ARM = Debug|ARM
		Debug|ARM64 = Debug|ARM64
		Debug|x64 = Debug|x64
		Debug|x86 = Debug|x86
		Release|Any CPU = Release|Any CPU
		Release|ARM = Release|ARM
		Release|ARM64 = Release|ARM64
		Release|x64 = Release|x64
		Release|x86 = Release|x86
	EndGlobalSection
	GlobalSection(ProjectConfigurationPlatforms) = postSolution
		{E42D9200-588A-4B45-8F45-03759D2558B8}.Debug|Any CPU.ActiveCfg = Debug|Any CPU
		{E42D9200-588A-4B45-8F45-03759D2558B8}.Debug|Any CPU.Build.0 = Debug|Any CPU
		{E42D9200-588A-4B45-8F45-03759D2558B8}.Debug|ARM.ActiveCfg = Debug|Any CPU
		{E42D9200-588A-4B45-8F45-03759D2558B8}.Debug|ARM.Build.0 = Debug|Any CPU
		{E42D9200-588A-4B45-8F45-03759D2558B8}.Debug|ARM64.ActiveCfg = Debug|Any CPU
		{E42D9200-588A-4B45-8F45-03759D2558B8}.Debug|ARM64.Build.0 = Debug|Any CPU
		{E42D9200-588A-4B45-8F45-03759D2558B8}.Debug|x64.ActiveCfg = Debug|Any CPU
		{E42D9200-588A-4B45-8F45-03759D2558B8}.Debug|x64.Build.0 = Debug|Any CPU
		{E42D9200-588A-4B45-8F45-03759D2558B8}.Debug|x86.ActiveCfg = Debug|Any CPU
		{E42D9200-588A-4B45-8F45-03759D2558B8}.Debug|x86.Build.0 = Debug|Any CPU
		{E42D9200-588A-4B45-8F45-03759D2558B8}.Release|Any CPU.ActiveCfg = Release|Any CPU
		{E42D9200-588A-4B45-8F45-03759D2558B8}.Release|Any CPU.Build.0 = Release|Any CPU
		{E42D9200-588A-4B45-8F45-03759D2558B8}.Release|ARM.ActiveCfg = Release|Any CPU
		{E42D9200-588A-4B45-8F45-03759D2558B8}.Release|ARM.Build.0 = Release|Any CPU
		{E42D9200-588A-4B45-8F45-03759D2558B8}.Release|ARM64.ActiveCfg = Release|Any CPU
		{E42D9200-588A-4B45-8F45-03759D2558B8}.Release|ARM64.Build.0 = Release|Any CPU
		{E42D9200-588A-4B45-8F45-03759D2558B8}.Release|x64.ActiveCfg = Release|Any CPU
		{E42D9200-588A-4B45-8F45-03759D2558B8}.Release|x64.Build.0 = Release|Any CPU
		{E42D9200-588A-4B45-8F45-03759D2558B8}.Release|x86.ActiveCfg = Release|Any CPU
		{E42D9200-588A-4B45-8F45-03759D2558B8}.Release|x86.Build.0 = Release|Any CPU
		{115526A8-7E02-4C6F-BFE9-5CBA81537804}.Debug|Any CPU.ActiveCfg = Debug|Any CPU
		{115526A8-7E02-4C6F-BFE9-5CBA81537804}.Debug|Any CPU.Build.0 = Debug|Any CPU
		{115526A8-7E02-4C6F-BFE9-5CBA81537804}.Debug|ARM.ActiveCfg = Debug|Any CPU
		{115526A8-7E02-4C6F-BFE9-5CBA81537804}.Debug|ARM.Build.0 = Debug|Any CPU
		{115526A8-7E02-4C6F-BFE9-5CBA81537804}.Debug|ARM64.ActiveCfg = Debug|Any CPU
		{115526A8-7E02-4C6F-BFE9-5CBA81537804}.Debug|ARM64.Build.0 = Debug|Any CPU
		{115526A8-7E02-4C6F-BFE9-5CBA81537804}.Debug|x64.ActiveCfg = Debug|Any CPU
		{115526A8-7E02-4C6F-BFE9-5CBA81537804}.Debug|x64.Build.0 = Debug|Any CPU
		{115526A8-7E02-4C6F-BFE9-5CBA81537804}.Debug|x86.ActiveCfg = Debug|Any CPU
		{115526A8-7E02-4C6F-BFE9-5CBA81537804}.Debug|x86.Build.0 = Debug|Any CPU
		{115526A8-7E02-4C6F-BFE9-5CBA81537804}.Release|Any CPU.ActiveCfg = Release|Any CPU
		{115526A8-7E02-4C6F-BFE9-5CBA81537804}.Release|Any CPU.Build.0 = Release|Any CPU
		{115526A8-7E02-4C6F-BFE9-5CBA81537804}.Release|ARM.ActiveCfg = Release|Any CPU
		{115526A8-7E02-4C6F-BFE9-5CBA81537804}.Release|ARM.Build.0 = Release|Any CPU
		{115526A8-7E02-4C6F-BFE9-5CBA81537804}.Release|ARM64.ActiveCfg = Release|Any CPU
		{115526A8-7E02-4C6F-BFE9-5CBA81537804}.Release|ARM64.Build.0 = Release|Any CPU
		{115526A8-7E02-4C6F-BFE9-5CBA81537804}.Release|x64.ActiveCfg = Release|Any CPU
		{115526A8-7E02-4C6F-BFE9-5CBA81537804}.Release|x64.Build.0 = Release|Any CPU
		{115526A8-7E02-4C6F-BFE9-5CBA81537804}.Release|x86.ActiveCfg = Release|Any CPU
		{115526A8-7E02-4C6F-BFE9-5CBA81537804}.Release|x86.Build.0 = Release|Any CPU
		{5778C484-CC04-4193-9D42-88AA1066E789}.Debug|Any CPU.ActiveCfg = Debug|Any CPU
		{5778C484-CC04-4193-9D42-88AA1066E789}.Debug|Any CPU.Build.0 = Debug|Any CPU
		{5778C484-CC04-4193-9D42-88AA1066E789}.Debug|ARM.ActiveCfg = Debug|Any CPU
		{5778C484-CC04-4193-9D42-88AA1066E789}.Debug|ARM.Build.0 = Debug|Any CPU
		{5778C484-CC04-4193-9D42-88AA1066E789}.Debug|ARM64.ActiveCfg = Debug|Any CPU
		{5778C484-CC04-4193-9D42-88AA1066E789}.Debug|ARM64.Build.0 = Debug|Any CPU
		{5778C484-CC04-4193-9D42-88AA1066E789}.Debug|x64.ActiveCfg = Debug|Any CPU
		{5778C484-CC04-4193-9D42-88AA1066E789}.Debug|x64.Build.0 = Debug|Any CPU
		{5778C484-CC04-4193-9D42-88AA1066E789}.Debug|x86.ActiveCfg = Debug|Any CPU
		{5778C484-CC04-4193-9D42-88AA1066E789}.Debug|x86.Build.0 = Debug|Any CPU
		{5778C484-CC04-4193-9D42-88AA1066E789}.Release|Any CPU.ActiveCfg = Release|Any CPU
		{5778C484-CC04-4193-9D42-88AA1066E789}.Release|Any CPU.Build.0 = Release|Any CPU
		{5778C484-CC04-4193-9D42-88AA1066E789}.Release|ARM.ActiveCfg = Release|Any CPU
		{5778C484-CC04-4193-9D42-88AA1066E789}.Release|ARM.Build.0 = Release|Any CPU
		{5778C484-CC04-4193-9D42-88AA1066E789}.Release|ARM64.ActiveCfg = Release|Any CPU
		{5778C484-CC04-4193-9D42-88AA1066E789}.Release|ARM64.Build.0 = Release|Any CPU
		{5778C484-CC04-4193-9D42-88AA1066E789}.Release|x64.ActiveCfg = Release|Any CPU
		{5778C484-CC04-4193-9D42-88AA1066E789}.Release|x64.Build.0 = Release|Any CPU
		{5778C484-CC04-4193-9D42-88AA1066E789}.Release|x86.ActiveCfg = Release|Any CPU
		{5778C484-CC04-4193-9D42-88AA1066E789}.Release|x86.Build.0 = Release|Any CPU
		{C45DD8F5-51AF-4258-9F8F-D9067EDEC4A3}.Debug|Any CPU.ActiveCfg = Debug|Any CPU
		{C45DD8F5-51AF-4258-9F8F-D9067EDEC4A3}.Debug|Any CPU.Build.0 = Debug|Any CPU
		{C45DD8F5-51AF-4258-9F8F-D9067EDEC4A3}.Debug|ARM.ActiveCfg = Debug|Any CPU
		{C45DD8F5-51AF-4258-9F8F-D9067EDEC4A3}.Debug|ARM.Build.0 = Debug|Any CPU
		{C45DD8F5-51AF-4258-9F8F-D9067EDEC4A3}.Debug|ARM64.ActiveCfg = Debug|Any CPU
		{C45DD8F5-51AF-4258-9F8F-D9067EDEC4A3}.Debug|ARM64.Build.0 = Debug|Any CPU
		{C45DD8F5-51AF-4258-9F8F-D9067EDEC4A3}.Debug|x64.ActiveCfg = Debug|Any CPU
		{C45DD8F5-51AF-4258-9F8F-D9067EDEC4A3}.Debug|x64.Build.0 = Debug|Any CPU
		{C45DD8F5-51AF-4258-9F8F-D9067EDEC4A3}.Debug|x86.ActiveCfg = Debug|Any CPU
		{C45DD8F5-51AF-4258-9F8F-D9067EDEC4A3}.Debug|x86.Build.0 = Debug|Any CPU
		{C45DD8F5-51AF-4258-9F8F-D9067EDEC4A3}.Release|Any CPU.ActiveCfg = Release|Any CPU
		{C45DD8F5-51AF-4258-9F8F-D9067EDEC4A3}.Release|Any CPU.Build.0 = Release|Any CPU
		{C45DD8F5-51AF-4258-9F8F-D9067EDEC4A3}.Release|ARM.ActiveCfg = Release|Any CPU
		{C45DD8F5-51AF-4258-9F8F-D9067EDEC4A3}.Release|ARM.Build.0 = Release|Any CPU
		{C45DD8F5-51AF-4258-9F8F-D9067EDEC4A3}.Release|ARM64.ActiveCfg = Release|Any CPU
		{C45DD8F5-51AF-4258-9F8F-D9067EDEC4A3}.Release|ARM64.Build.0 = Release|Any CPU
		{C45DD8F5-51AF-4258-9F8F-D9067EDEC4A3}.Release|x64.ActiveCfg = Release|Any CPU
		{C45DD8F5-51AF-4258-9F8F-D9067EDEC4A3}.Release|x64.Build.0 = Release|Any CPU
		{C45DD8F5-51AF-4258-9F8F-D9067EDEC4A3}.Release|x86.ActiveCfg = Release|Any CPU
		{C45DD8F5-51AF-4258-9F8F-D9067EDEC4A3}.Release|x86.Build.0 = Release|Any CPU
		{07D60E93-DD55-44A3-9DC8-AB1B33CA248D}.Debug|Any CPU.ActiveCfg = Debug|Any CPU
		{07D60E93-DD55-44A3-9DC8-AB1B33CA248D}.Debug|Any CPU.Build.0 = Debug|Any CPU
		{07D60E93-DD55-44A3-9DC8-AB1B33CA248D}.Debug|ARM.ActiveCfg = Debug|Any CPU
		{07D60E93-DD55-44A3-9DC8-AB1B33CA248D}.Debug|ARM.Build.0 = Debug|Any CPU
		{07D60E93-DD55-44A3-9DC8-AB1B33CA248D}.Debug|ARM64.ActiveCfg = Debug|Any CPU
		{07D60E93-DD55-44A3-9DC8-AB1B33CA248D}.Debug|ARM64.Build.0 = Debug|Any CPU
		{07D60E93-DD55-44A3-9DC8-AB1B33CA248D}.Debug|x64.ActiveCfg = Debug|Any CPU
		{07D60E93-DD55-44A3-9DC8-AB1B33CA248D}.Debug|x64.Build.0 = Debug|Any CPU
		{07D60E93-DD55-44A3-9DC8-AB1B33CA248D}.Debug|x86.ActiveCfg = Debug|Any CPU
		{07D60E93-DD55-44A3-9DC8-AB1B33CA248D}.Debug|x86.Build.0 = Debug|Any CPU
		{07D60E93-DD55-44A3-9DC8-AB1B33CA248D}.Release|Any CPU.ActiveCfg = Release|Any CPU
		{07D60E93-DD55-44A3-9DC8-AB1B33CA248D}.Release|Any CPU.Build.0 = Release|Any CPU
		{07D60E93-DD55-44A3-9DC8-AB1B33CA248D}.Release|ARM.ActiveCfg = Release|Any CPU
		{07D60E93-DD55-44A3-9DC8-AB1B33CA248D}.Release|ARM.Build.0 = Release|Any CPU
		{07D60E93-DD55-44A3-9DC8-AB1B33CA248D}.Release|ARM64.ActiveCfg = Release|Any CPU
		{07D60E93-DD55-44A3-9DC8-AB1B33CA248D}.Release|ARM64.Build.0 = Release|Any CPU
		{07D60E93-DD55-44A3-9DC8-AB1B33CA248D}.Release|x64.ActiveCfg = Release|Any CPU
		{07D60E93-DD55-44A3-9DC8-AB1B33CA248D}.Release|x64.Build.0 = Release|Any CPU
		{07D60E93-DD55-44A3-9DC8-AB1B33CA248D}.Release|x86.ActiveCfg = Release|Any CPU
		{07D60E93-DD55-44A3-9DC8-AB1B33CA248D}.Release|x86.Build.0 = Release|Any CPU
	EndGlobalSection
	GlobalSection(SolutionProperties) = preSolution
		HideSolutionNode = FALSE
	EndGlobalSection
	GlobalSection(ExtensibilityGlobals) = postSolution
		SolutionGuid = {B3022264-7372-41AB-AE9E-D70CD3298EE7}
	EndGlobalSection
EndGlobal
